
Microsoft Visual Studio Solution File, Format Version 12.00
# Visual Studio Version 17
VisualStudioVersion = 17.3.32901.215
MinimumVisualStudioVersion = 10.0.40219.1
Project("{FAE04EC0-301F-11D3-BF4B-00C04F79EFBC}") = "Welcome_Logical_Program", "Welcome_Logical_Program\Welcome_Logical_Program.csproj", "{4CF75821-D0F1-49DA-A377-3225E521721E}"
EndProject
Global
	GlobalSection(SolutionConfigurationPlatforms) = preSolution
		Debug|Any CPU = Debug|Any CPU
		Release|Any CPU = Release|Any CPU
	EndGlobalSection
	GlobalSection(ProjectConfigurationPlatforms) = postSolution
		{4CF75821-D0F1-49DA-A377-3225E521721E}.Debug|Any CPU.ActiveCfg = Debug|Any CPU
		{4CF75821-D0F1-49DA-A377-3225E521721E}.Debug|Any CPU.Build.0 = Debug|Any CPU
		{4CF75821-D0F1-49DA-A377-3225E521721E}.Release|Any CPU.ActiveCfg = Release|Any CPU
		{4CF75821-D0F1-49DA-A377-3225E521721E}.Release|Any CPU.Build.0 = Release|Any CPU
	EndGlobalSection
	GlobalSection(SolutionProperties) = preSolution
		HideSolutionNode = FALSE
	EndGlobalSection
	GlobalSection(ExtensibilityGlobals) = postSolution
		SolutionGuid = {00B52BD2-66DE-43AA-BA72-D7204205629C}
	EndGlobalSection
EndGlobal
