
Microsoft Visual Studio Solution File, Format Version 12.00
# Visual Studio Version 17
VisualStudioVersion = 17.3.32901.215
MinimumVisualStudioVersion = 10.0.40219.1
Project("{FAE04EC0-301F-11D3-BF4B-00C04F79EFBC}") = "UC4-Reverse number", "UC4-Reverse number\UC4-Reverse number.csproj", "{8E917B63-3BCA-489E-B3E0-9831089F9194}"
EndProject
Global
	GlobalSection(SolutionConfigurationPlatforms) = preSolution
		Debug|Any CPU = Debug|Any CPU
		Release|Any CPU = Release|Any CPU
	EndGlobalSection
	GlobalSection(ProjectConfigurationPlatforms) = postSolution
		{8E917B63-3BCA-489E-B3E0-9831089F9194}.Debug|Any CPU.ActiveCfg = Debug|Any CPU
		{8E917B63-3BCA-489E-B3E0-9831089F9194}.Debug|Any CPU.Build.0 = Debug|Any CPU
		{8E917B63-3BCA-489E-B3E0-9831089F9194}.Release|Any CPU.ActiveCfg = Release|Any CPU
		{8E917B63-3BCA-489E-B3E0-9831089F9194}.Release|Any CPU.Build.0 = Release|Any CPU
	EndGlobalSection
	GlobalSection(SolutionProperties) = preSolution
		HideSolutionNode = FALSE
	EndGlobalSection
	GlobalSection(ExtensibilityGlobals) = postSolution
		SolutionGuid = {476EA0C4-6374-493A-99DD-04321A136B5B}
	EndGlobalSection
EndGlobal
